// !$*UTF8*$!
{
	archiveVersion = 1;
	classes = {
	};
	objectVersion = 77;
	objects = {

/* Begin PBXBuildFile section */
		0D35ED68BD2BB24750FEDC04 /* PrimaryButton.swift in Sources */ = {isa = PBXBuildFile; fileRef = BFF8D15918C6E6A646E9C635 /* PrimaryButton.swift */; };
		1530207E703C35732B32C2FB /* CardView.swift in Sources */ = {isa = PBXBuildFile; fileRef = B542D0748E09A82CFB069062 /* CardView.swift */; };
		1578440B1F66EEE8F2E53A15 /* AppState.swift in Sources */ = {isa = PBXBuildFile; fileRef = C166651E75FDD232A24D3DC7 /* AppState.swift */; };
		177F8BCEA31880C8A57D0A98 /* Spacing.swift in Sources */ = {isa = PBXBuildFile; fileRef = 62222C55D4F4B0ED0AD9B480 /* Spacing.swift */; };
		1DEB0B4F93D48BD34687D2EE /* AlgebraGoApp.swift in Sources */ = {isa = PBXBuildFile; fileRef = CB83676E4D8BCE0693D65019 /* AlgebraGoApp.swift */; };
		26F09746EB3BD6BE096976FD /* SARTData.swift in Sources */ = {isa = PBXBuildFile; fileRef = EC38C39BF6C8F96E0199F22C /* SARTData.swift */; };
		314DE72CC89538DBEE92332E /* ModuleContentData.swift in Sources */ = {isa = PBXBuildFile; fileRef = E7C1503C8221B676FC0D963A /* ModuleContentData.swift */; };
		3A50238477D65BD574D6B9E0 /* Badge.swift in Sources */ = {isa = PBXBuildFile; fileRef = A61F10815B2F76F5D9E9A3BF /* Badge.swift */; };
		40BB959CEE09A63FEB416F54 /* RetentionTestScreen.swift in Sources */ = {isa = PBXBuildFile; fileRef = FB156C7C04029B26A895D852 /* RetentionTestScreen.swift */; };
		50C0853C69DE840D176BE620 /* RetentionTestData.swift in Sources */ = {isa = PBXBuildFile; fileRef = ED236AB3C6CD2A86924E5A08 /* RetentionTestData.swift */; };
		54103DC24D803EBAE868FA9C /* ProfileScreen.swift in Sources */ = {isa = PBXBuildFile; fileRef = 53B83EDCF0599AB46EE1EED9 /* ProfileScreen.swift */; };
		55F521400C3768E044FFC199 /* ReflexiveSurveyScreen.swift in Sources */ = {isa = PBXBuildFile; fileRef = EA65B76570D697130C0B3060 /* ReflexiveSurveyScreen.swift */; };
		5A8531103A861CA43209E1EA /* ModuleModels.swift in Sources */ = {isa = PBXBuildFile; fileRef = 90F029EE97BF85CB74F73DF1 /* ModuleModels.swift */; };
		6731A52A99B658D5250F700D /* OnboardingFlow.swift in Sources */ = {isa = PBXBuildFile; fileRef = 57931E06E2BAC661CC7365C9 /* OnboardingFlow.swift */; };
		682C2D75711A1391CB4CB6B3 /* Participant.swift in Sources */ = {isa = PBXBuildFile; fileRef = 0034C9E4B1845BEA68E79890 /* Participant.swift */; };
		71D3524F7414E5CF5A4DBD19 /* ProgressScreen.swift in Sources */ = {isa = PBXBuildFile; fileRef = 4C5533E5E57965AB86CE7A2D /* ProgressScreen.swift */; };
		75A252AAD26828B2E68F6E02 /* SARTModels.swift in Sources */ = {isa = PBXBuildFile; fileRef = E5EF6F8012FDB984663C742E /* SARTModels.swift */; };
		767177E90CDF569A6AD47A53 /* MathTextView.swift in Sources */ = {isa = PBXBuildFile; fileRef = B9A17979F66C4EF404FBBD51 /* MathTextView.swift */; };
		99A6E1B02DD8B5621EB1D741 /* ModuleSummaryView.swift in Sources */ = {isa = PBXBuildFile; fileRef = 958A0442852EB628C11C6CF0 /* ModuleSummaryView.swift */; };
		9A0B1C4EBABA8877A7EAFC35 /* MainTabView.swift in Sources */ = {isa = PBXBuildFile; fileRef = E895E0E96F14EFA63090FC09 /* MainTabView.swift */; };
		A01DA9A5EA78EBF8158B4A8B /* SARTScreen.swift in Sources */ = {isa = PBXBuildFile; fileRef = 29CF1693E2BA4BB3E40ACE3C /* SARTScreen.swift */; };
		A614AF23CA11446365FE9C06 /* ModulesListScreen.swift in Sources */ = {isa = PBXBuildFile; fileRef = AF6659D81DA2E855FE8A713F /* ModulesListScreen.swift */; };
		AF470FA986FF51A6597EE473 /* UserLevel.swift in Sources */ = {isa = PBXBuildFile; fileRef = 59E08C7BB403C66A03D29A69 /* UserLevel.swift */; };
		C93DC01C6E38E579E82CA919 /* CognitiveLoadScreen.swift in Sources */ = {isa = PBXBuildFile; fileRef = EC19B58B4BAE5CBC3B21167F /* CognitiveLoadScreen.swift */; };
		C9C8D8C9DDB03EBB1526686A /* RetentionTestModels.swift in Sources */ = {isa = PBXBuildFile; fileRef = B341AA8A0E064E1E6284F809 /* RetentionTestModels.swift */; };
		CB50A995B67A0372791C9AEB /* ResearcherPanelScreen.swift in Sources */ = {isa = PBXBuildFile; fileRef = C72B1E4BDEF6766F2454E15A /* ResearcherPanelScreen.swift */; };
		D1C8F7F224712F5FF26B64CF /* RootView.swift in Sources */ = {isa = PBXBuildFile; fileRef = 249FEFF5BB3EBE0137D68E77 /* RootView.swift */; };
		D63679247BE6699C52D5228A /* Colors.swift in Sources */ = {isa = PBXBuildFile; fileRef = D33D9C091820DB0794348B07 /* Colors.swift */; };
		D6ADA0719CE587508AD2016D /* HomeScreen.swift in Sources */ = {isa = PBXBuildFile; fileRef = 9134342A362EEDE5CB7613B0 /* HomeScreen.swift */; };
		E84A30D454B07FC195248056 /* AvatarOption.swift in Sources */ = {isa = PBXBuildFile; fileRef = 7F821E67AD782426B66D17A9 /* AvatarOption.swift */; };
		F346FAD91B94DA70F80C5995 /* ModuleDetailScreen.swift in Sources */ = {isa = PBXBuildFile; fileRef = 67174D214090601DFA38177B /* ModuleDetailScreen.swift */; };
		F740944722824469DC5B4B8D /* Typography.swift in Sources */ = {isa = PBXBuildFile; fileRef = 987F9B0432349E2C23991E49 /* Typography.swift */; };
/* End PBXBuildFile section */

/* Begin PBXFileReference section */
		0034C9E4B1845BEA68E79890 /* Participant.swift */ = {isa = PBXFileReference; lastKnownFileType = sourcecode.swift; path = Participant.swift; sourceTree = "<group>"; };
		249FEFF5BB3EBE0137D68E77 /* RootView.swift */ = {isa = PBXFileReference; lastKnownFileType = sourcecode.swift; path = RootView.swift; sourceTree = "<group>"; };
		29CF1693E2BA4BB3E40ACE3C /* SARTScreen.swift */ = {isa = PBXFileReference; lastKnownFileType = sourcecode.swift; path = SARTScreen.swift; sourceTree = "<group>"; };
		4C5533E5E57965AB86CE7A2D /* ProgressScreen.swift */ = {isa = PBXFileReference; lastKnownFileType = sourcecode.swift; path = ProgressScreen.swift; sourceTree = "<group>"; };
		53B83EDCF0599AB46EE1EED9 /* ProfileScreen.swift */ = {isa = PBXFileReference; lastKnownFileType = sourcecode.swift; path = ProfileScreen.swift; sourceTree = "<group>"; };
		57931E06E2BAC661CC7365C9 /* OnboardingFlow.swift */ = {isa = PBXFileReference; lastKnownFileType = sourcecode.swift; path = OnboardingFlow.swift; sourceTree = "<group>"; };
		59E08C7BB403C66A03D29A69 /* UserLevel.swift */ = {isa = PBXFileReference; lastKnownFileType = sourcecode.swift; path = UserLevel.swift; sourceTree = "<group>"; };
		62222C55D4F4B0ED0AD9B480 /* Spacing.swift */ = {isa = PBXFileReference; lastKnownFileType = sourcecode.swift; path = Spacing.swift; sourceTree = "<group>"; };
		67174D214090601DFA38177B /* ModuleDetailScreen.swift */ = {isa = PBXFileReference; lastKnownFileType = sourcecode.swift; path = ModuleDetailScreen.swift; sourceTree = "<group>"; };
		7F821E67AD782426B66D17A9 /* AvatarOption.swift */ = {isa = PBXFileReference; lastKnownFileType = sourcecode.swift; path = AvatarOption.swift; sourceTree = "<group>"; };
		82F0D97593372580808B9DD4 /* AlgebraGo.app */ = {isa = PBXFileReference; includeInIndex = 0; lastKnownFileType = wrapper.application; path = AlgebraGo.app; sourceTree = BUILT_PRODUCTS_DIR; };
		90F029EE97BF85CB74F73DF1 /* ModuleModels.swift */ = {isa = PBXFileReference; lastKnownFileType = sourcecode.swift; path = ModuleModels.swift; sourceTree = "<group>"; };
		9134342A362EEDE5CB7613B0 /* HomeScreen.swift */ = {isa = PBXFileReference; lastKnownFileType = sourcecode.swift; path = HomeScreen.swift; sourceTree = "<group>"; };
		958A0442852EB628C11C6CF0 /* ModuleSummaryView.swift */ = {isa = PBXFileReference; lastKnownFileType = sourcecode.swift; path = ModuleSummaryView.swift; sourceTree = "<group>"; };
		987F9B0432349E2C23991E49 /* Typography.swift */ = {isa = PBXFileReference; lastKnownFileType = sourcecode.swift; path = Typography.swift; sourceTree = "<group>"; };
		A61F10815B2F76F5D9E9A3BF /* Badge.swift */ = {isa = PBXFileReference; lastKnownFileType = sourcecode.swift; path = Badge.swift; sourceTree = "<group>"; };
		AF6659D81DA2E855FE8A713F /* ModulesListScreen.swift */ = {isa = PBXFileReference; lastKnownFileType = sourcecode.swift; path = ModulesListScreen.swift; sourceTree = "<group>"; };
		B341AA8A0E064E1E6284F809 /* RetentionTestModels.swift */ = {isa = PBXFileReference; lastKnownFileType = sourcecode.swift; path = RetentionTestModels.swift; sourceTree = "<group>"; };
		B542D0748E09A82CFB069062 /* CardView.swift */ = {isa = PBXFileReference; lastKnownFileType = sourcecode.swift; path = CardView.swift; sourceTree = "<group>"; };
		B9A17979F66C4EF404FBBD51 /* MathTextView.swift */ = {isa = PBXFileReference; lastKnownFileType = sourcecode.swift; path = MathTextView.swift; sourceTree = "<group>"; };
		BFF8D15918C6E6A646E9C635 /* PrimaryButton.swift */ = {isa = PBXFileReference; lastKnownFileType = sourcecode.swift; path = PrimaryButton.swift; sourceTree = "<group>"; };
		C166651E75FDD232A24D3DC7 /* AppState.swift */ = {isa = PBXFileReference; lastKnownFileType = sourcecode.swift; path = AppState.swift; sourceTree = "<group>"; };
		C72B1E4BDEF6766F2454E15A /* ResearcherPanelScreen.swift */ = {isa = PBXFileReference; lastKnownFileType = sourcecode.swift; path = ResearcherPanelScreen.swift; sourceTree = "<group>"; };
		CB83676E4D8BCE0693D65019 /* AlgebraGoApp.swift */ = {isa = PBXFileReference; lastKnownFileType = sourcecode.swift; path = AlgebraGoApp.swift; sourceTree = "<group>"; };
		D33D9C091820DB0794348B07 /* Colors.swift */ = {isa = PBXFileReference; lastKnownFileType = sourcecode.swift; path = Colors.swift; sourceTree = "<group>"; };
		E5EF6F8012FDB984663C742E /* SARTModels.swift */ = {isa = PBXFileReference; lastKnownFileType = sourcecode.swift; path = SARTModels.swift; sourceTree = "<group>"; };
		E7C1503C8221B676FC0D963A /* ModuleContentData.swift */ = {isa = PBXFileReference; lastKnownFileType = sourcecode.swift; path = ModuleContentData.swift; sourceTree = "<group>"; };
		E895E0E96F14EFA63090FC09 /* MainTabView.swift */ = {isa = PBXFileReference; lastKnownFileType = sourcecode.swift; path = MainTabView.swift; sourceTree = "<group>"; };
		EA65B76570D697130C0B3060 /* ReflexiveSurveyScreen.swift */ = {isa = PBXFileReference; lastKnownFileType = sourcecode.swift; path = ReflexiveSurveyScreen.swift; sourceTree = "<group>"; };
		EC19B58B4BAE5CBC3B21167F /* CognitiveLoadScreen.swift */ = {isa = PBXFileReference; lastKnownFileType = sourcecode.swift; path = CognitiveLoadScreen.swift; sourceTree = "<group>"; };
		EC38C39BF6C8F96E0199F22C /* SARTData.swift */ = {isa = PBXFileReference; lastKnownFileType = sourcecode.swift; path = SARTData.swift; sourceTree = "<group>"; };
		ED236AB3C6CD2A86924E5A08 /* RetentionTestData.swift */ = {isa = PBXFileReference; lastKnownFileType = sourcecode.swift; path = RetentionTestData.swift; sourceTree = "<group>"; };
		FB156C7C04029B26A895D852 /* RetentionTestScreen.swift */ = {isa = PBXFileReference; lastKnownFileType = sourcecode.swift; path = RetentionTestScreen.swift; sourceTree = "<group>"; };
/* End PBXFileReference section */

/* Begin PBXGroup section */
		01FCB067D60E117EC145C9E8 /* Screens */ = {
			isa = PBXGroup;
			children = (
				EA65B76570D697130C0B3060 /* ReflexiveSurveyScreen.swift */,
			);
			path = Screens;
			sourceTree = "<group>";
		};
		11EFB644529461BAA19A49A9 /* ViewModels */ = {
			isa = PBXGroup;
			children = (
			);
			path = ViewModels;
			sourceTree = "<group>";
		};
		1C57662E59DBE6795855BC52 = {
			isa = PBXGroup;
			children = (
				56AF1112FAD290E63CA30D78 /* Sources */,
				F3536161D6D719AB3DA12A4A /* Products */,
			);
			sourceTree = "<group>";
		};
		26D773701F73EFE7AC748F4C /* ViewModels */ = {
			isa = PBXGroup;
			children = (
			);
			path = ViewModels;
			sourceTree = "<group>";
		};
		357E06133DABC4E7C932C7D5 /* Navigation */ = {
			isa = PBXGroup;
			children = (
				E895E0E96F14EFA63090FC09 /* MainTabView.swift */,
				249FEFF5BB3EBE0137D68E77 /* RootView.swift */,
			);
			path = Navigation;
			sourceTree = "<group>";
		};
		4248E26C5E2174755884099D /* Screens */ = {
			isa = PBXGroup;
			children = (
				EC19B58B4BAE5CBC3B21167F /* CognitiveLoadScreen.swift */,
				9134342A362EEDE5CB7613B0 /* HomeScreen.swift */,
				67174D214090601DFA38177B /* ModuleDetailScreen.swift */,
				AF6659D81DA2E855FE8A713F /* ModulesListScreen.swift */,
				958A0442852EB628C11C6CF0 /* ModuleSummaryView.swift */,
				53B83EDCF0599AB46EE1EED9 /* ProfileScreen.swift */,
				4C5533E5E57965AB86CE7A2D /* ProgressScreen.swift */,
			);
			path = Screens;
			sourceTree = "<group>";
		};
		475E8095DC92F51127570DAA /* ViewModels */ = {
			isa = PBXGroup;
			children = (
			);
			path = ViewModels;
			sourceTree = "<group>";
		};
		4798AED9257B172D9722DCF6 /* RetentionTest */ = {
			isa = PBXGroup;
			children = (
				EC1E75C4DDA7972C5385F8BA /* Data */,
				B8A16C265175A53EC0D023B9 /* Screens */,
				96DF088485A6A5429B5FE1E3 /* ViewModels */,
			);
			path = RetentionTest;
			sourceTree = "<group>";
		};
		4B978B54D27A0AA50A1ADA32 /* Features */ = {
			isa = PBXGroup;
			children = (
				C6A1DE7D667411C385945474 /* Analytics */,
				9F530BE37ED69DB15F76055F /* Gamification */,
				79159377D40815BFFFBA03E4 /* Modules */,
				EC9D391944DF01FE7B8DA146 /* Onboarding */,
				4798AED9257B172D9722DCF6 /* RetentionTest */,
				D6A7985595B94475338A1056 /* SART */,
				C7ADFF47DA6BDA146B43BF67 /* Survey */,
			);
			path = Features;
			sourceTree = "<group>";
		};
		56AF1112FAD290E63CA30D78 /* Sources */ = {
			isa = PBXGroup;
			children = (
				5F4FC6977F5F1E82C8A02BA5 /* App */,
				B709EE488C0A44755A17C92B /* Core */,
				4B978B54D27A0AA50A1ADA32 /* Features */,
				357E06133DABC4E7C932C7D5 /* Navigation */,
			);
			path = Sources;
			sourceTree = "<group>";
		};
		58530C9A17F64BC1F532C5A3 /* Screens */ = {
			isa = PBXGroup;
			children = (
				57931E06E2BAC661CC7365C9 /* OnboardingFlow.swift */,
			);
			path = Screens;
			sourceTree = "<group>";
		};
		5F4FC6977F5F1E82C8A02BA5 /* App */ = {
			isa = PBXGroup;
			children = (
				CB83676E4D8BCE0693D65019 /* AlgebraGoApp.swift */,
				C166651E75FDD232A24D3DC7 /* AppState.swift */,
			);
			path = App;
			sourceTree = "<group>";
		};
		61FFFCDA9409BC3377FCEC38 /* Components */ = {
			isa = PBXGroup;
			children = (
			);
			path = Components;
			sourceTree = "<group>";
		};
		74AC3520EF950661F66E558F /* ViewModels */ = {
			isa = PBXGroup;
			children = (
			);
			path = ViewModels;
			sourceTree = "<group>";
		};
		79159377D40815BFFFBA03E4 /* Modules */ = {
			isa = PBXGroup;
			children = (
				61FFFCDA9409BC3377FCEC38 /* Components */,
				F425A4DDB2D2415182990247 /* Data */,
				4248E26C5E2174755884099D /* Screens */,
				11EFB644529461BAA19A49A9 /* ViewModels */,
			);
			path = Modules;
			sourceTree = "<group>";
		};
		870AF58181FC5D18F6E14A0F /* Persistence */ = {
			isa = PBXGroup;
			children = (
			);
			path = Persistence;
			sourceTree = "<group>";
		};
		9018CDCACE0A6D3C5A457706 /* Components */ = {
			isa = PBXGroup;
			children = (
				7F821E67AD782426B66D17A9 /* AvatarOption.swift */,
			);
			path = Components;
			sourceTree = "<group>";
		};
		96DF088485A6A5429B5FE1E3 /* ViewModels */ = {
			isa = PBXGroup;
			children = (
			);
			path = ViewModels;
			sourceTree = "<group>";
		};
		9F530BE37ED69DB15F76055F /* Gamification */ = {
			isa = PBXGroup;
			children = (
				D3CA079265515475389B894C /* Components */,
				C065C28D24144411EC1D79C4 /* Models */,
				A100A97C5F2A6C6F5B9D62C6 /* ViewModels */,
			);
			path = Gamification;
			sourceTree = "<group>";
		};
		A100A97C5F2A6C6F5B9D62C6 /* ViewModels */ = {
			isa = PBXGroup;
			children = (
			);
			path = ViewModels;
			sourceTree = "<group>";
		};
		B709EE488C0A44755A17C92B /* Core */ = {
			isa = PBXGroup;
			children = (
				F57F6CA8352B2C6A424F94DF /* DesignSystem */,
				E5702BCEC9A7B2C58EF6CC75 /* Extensions */,
				F7796AC1972D221EF0F55BAD /* Models */,
				870AF58181FC5D18F6E14A0F /* Persistence */,
			);
			path = Core;
			sourceTree = "<group>";
		};
		B8A16C265175A53EC0D023B9 /* Screens */ = {
			isa = PBXGroup;
			children = (
				FB156C7C04029B26A895D852 /* RetentionTestScreen.swift */,
			);
			path = Screens;
			sourceTree = "<group>";
		};
		BDEFCAC59372F0AA9ECCE1AC /* Screens */ = {
			isa = PBXGroup;
			children = (
				C72B1E4BDEF6766F2454E15A /* ResearcherPanelScreen.swift */,
			);
			path = Screens;
			sourceTree = "<group>";
		};
		C065C28D24144411EC1D79C4 /* Models */ = {
			isa = PBXGroup;
			children = (
			);
			path = Models;
			sourceTree = "<group>";
		};
		C5511CB514E79209EB72B47E /* Components */ = {
			isa = PBXGroup;
			children = (
				B542D0748E09A82CFB069062 /* CardView.swift */,
				B9A17979F66C4EF404FBBD51 /* MathTextView.swift */,
				BFF8D15918C6E6A646E9C635 /* PrimaryButton.swift */,
			);
			path = Components;
			sourceTree = "<group>";
		};
		C6A1DE7D667411C385945474 /* Analytics */ = {
			isa = PBXGroup;
			children = (
				BDEFCAC59372F0AA9ECCE1AC /* Screens */,
				475E8095DC92F51127570DAA /* ViewModels */,
			);
			path = Analytics;
			sourceTree = "<group>";
		};
		C7ADFF47DA6BDA146B43BF67 /* Survey */ = {
			isa = PBXGroup;
			children = (
				01FCB067D60E117EC145C9E8 /* Screens */,
				26D773701F73EFE7AC748F4C /* ViewModels */,
			);
			path = Survey;
			sourceTree = "<group>";
		};
		D3CA079265515475389B894C /* Components */ = {
			isa = PBXGroup;
			children = (
			);
			path = Components;
			sourceTree = "<group>";
		};
		D6A7985595B94475338A1056 /* SART */ = {
			isa = PBXGroup;
			children = (
				E634BEBBE6B6EF57CA977639 /* Data */,
				F9918D587B48AFB7C0D61420 /* Screens */,
				E7E0E66CC1412DC27EED3061 /* ViewModels */,
			);
			path = SART;
			sourceTree = "<group>";
		};
		E5702BCEC9A7B2C58EF6CC75 /* Extensions */ = {
			isa = PBXGroup;
			children = (
			);
			path = Extensions;
			sourceTree = "<group>";
		};
		E634BEBBE6B6EF57CA977639 /* Data */ = {
			isa = PBXGroup;
			children = (
				EC38C39BF6C8F96E0199F22C /* SARTData.swift */,
			);
			path = Data;
			sourceTree = "<group>";
		};
		E7E0E66CC1412DC27EED3061 /* ViewModels */ = {
			isa = PBXGroup;
			children = (
			);
			path = ViewModels;
			sourceTree = "<group>";
		};
		EC1E75C4DDA7972C5385F8BA /* Data */ = {
			isa = PBXGroup;
			children = (
				ED236AB3C6CD2A86924E5A08 /* RetentionTestData.swift */,
			);
			path = Data;
			sourceTree = "<group>";
		};
		EC9D391944DF01FE7B8DA146 /* Onboarding */ = {
			isa = PBXGroup;
			children = (
				9018CDCACE0A6D3C5A457706 /* Components */,
				58530C9A17F64BC1F532C5A3 /* Screens */,
				74AC3520EF950661F66E558F /* ViewModels */,
			);
			path = Onboarding;
			sourceTree = "<group>";
		};
		F3536161D6D719AB3DA12A4A /* Products */ = {
			isa = PBXGroup;
			children = (
				82F0D97593372580808B9DD4 /* AlgebraGo.app */,
			);
			name = Products;
			sourceTree = "<group>";
		};
		F425A4DDB2D2415182990247 /* Data */ = {
			isa = PBXGroup;
			children = (
				E7C1503C8221B676FC0D963A /* ModuleContentData.swift */,
			);
			path = Data;
			sourceTree = "<group>";
		};
		F57F6CA8352B2C6A424F94DF /* DesignSystem */ = {
			isa = PBXGroup;
			children = (
				D33D9C091820DB0794348B07 /* Colors.swift */,
				62222C55D4F4B0ED0AD9B480 /* Spacing.swift */,
				987F9B0432349E2C23991E49 /* Typography.swift */,
				C5511CB514E79209EB72B47E /* Components */,
			);
			path = DesignSystem;
			sourceTree = "<group>";
		};
		F7796AC1972D221EF0F55BAD /* Models */ = {
			isa = PBXGroup;
			children = (
				A61F10815B2F76F5D9E9A3BF /* Badge.swift */,
				90F029EE97BF85CB74F73DF1 /* ModuleModels.swift */,
				0034C9E4B1845BEA68E79890 /* Participant.swift */,
				B341AA8A0E064E1E6284F809 /* RetentionTestModels.swift */,
				E5EF6F8012FDB984663C742E /* SARTModels.swift */,
				59E08C7BB403C66A03D29A69 /* UserLevel.swift */,
			);
			path = Models;
			sourceTree = "<group>";
		};
		F9918D587B48AFB7C0D61420 /* Screens */ = {
			isa = PBXGroup;
			children = (
				29CF1693E2BA4BB3E40ACE3C /* SARTScreen.swift */,
			);
			path = Screens;
			sourceTree = "<group>";
		};
/* End PBXGroup section */

/* Begin PBXNativeTarget section */
		2A4BFBB2E75498C449050FFD /* AlgebraGo */ = {
			isa = PBXNativeTarget;
			buildConfigurationList = A9CD7514126C716BF9B333C2 /* Build configuration list for PBXNativeTarget "AlgebraGo" */;
			buildPhases = (
				0526A23C0EE09E7F9C5B9FCE /* Sources */,
			);
			buildRules = (
			);
			dependencies = (
			);
			name = AlgebraGo;
			packageProductDependencies = (
			);
			productName = AlgebraGo;
			productReference = 82F0D97593372580808B9DD4 /* AlgebraGo.app */;
			productType = "com.apple.product-type.application";
		};
/* End PBXNativeTarget section */

/* Begin PBXProject section */
		4C9D06AEB7A7D12AFEBF042B /* Project object */ = {
			isa = PBXProject;
			attributes = {
				BuildIndependentTargetsInParallel = YES;
				LastUpgradeCheck = 1500;
				TargetAttributes = {
					2A4BFBB2E75498C449050FFD = {
						DevelopmentTeam = "";
					};
				};
			};
			buildConfigurationList = 3ABC73DB9FDC715573958205 /* Build configuration list for PBXProject "AlgebraGo" */;
			compatibilityVersion = "Xcode 14.0";
			developmentRegion = en;
			hasScannedForEncodings = 0;
			knownRegions = (
				Base,
				en,
			);
			mainGroup = 1C57662E59DBE6795855BC52;
			minimizedProjectReferenceProxies = 1;
			preferredProjectObjectVersion = 77;
			projectDirPath = "";
			projectRoot = "";
			targets = (
				2A4BFBB2E75498C449050FFD /* AlgebraGo */,
			);
		};
/* End PBXProject section */

/* Begin PBXSourcesBuildPhase section */
		0526A23C0EE09E7F9C5B9FCE /* Sources */ = {
			isa = PBXSourcesBuildPhase;
			buildActionMask = 2147483647;
			files = (
				1DEB0B4F93D48BD34687D2EE /* AlgebraGoApp.swift in Sources */,
				1578440B1F66EEE8F2E53A15 /* AppState.swift in Sources */,
				E84A30D454B07FC195248056 /* AvatarOption.swift in Sources */,
				3A50238477D65BD574D6B9E0 /* Badge.swift in Sources */,
				1530207E703C35732B32C2FB /* CardView.swift in Sources */,
				C93DC01C6E38E579E82CA919 /* CognitiveLoadScreen.swift in Sources */,
				D63679247BE6699C52D5228A /* Colors.swift in Sources */,
				D6ADA0719CE587508AD2016D /* HomeScreen.swift in Sources */,
				9A0B1C4EBABA8877A7EAFC35 /* MainTabView.swift in Sources */,
				767177E90CDF569A6AD47A53 /* MathTextView.swift in Sources */,
				314DE72CC89538DBEE92332E /* ModuleContentData.swift in Sources */,
				F346FAD91B94DA70F80C5995 /* ModuleDetailScreen.swift in Sources */,
				5A8531103A861CA43209E1EA /* ModuleModels.swift in Sources */,
				99A6E1B02DD8B5621EB1D741 /* ModuleSummaryView.swift in Sources */,
				A614AF23CA11446365FE9C06 /* ModulesListScreen.swift in Sources */,
				6731A52A99B658D5250F700D /* OnboardingFlow.swift in Sources */,
				682C2D75711A1391CB4CB6B3 /* Participant.swift in Sources */,
				0D35ED68BD2BB24750FEDC04 /* PrimaryButton.swift in Sources */,
				54103DC24D803EBAE868FA9C /* ProfileScreen.swift in Sources */,
				71D3524F7414E5CF5A4DBD19 /* ProgressScreen.swift in Sources */,
				55F521400C3768E044FFC199 /* ReflexiveSurveyScreen.swift in Sources */,
				CB50A995B67A0372791C9AEB /* ResearcherPanelScreen.swift in Sources */,
				50C0853C69DE840D176BE620 /* RetentionTestData.swift in Sources */,
				C9C8D8C9DDB03EBB1526686A /* RetentionTestModels.swift in Sources */,
				40BB959CEE09A63FEB416F54 /* RetentionTestScreen.swift in Sources */,
				D1C8F7F224712F5FF26B64CF /* RootView.swift in Sources */,
				26F09746EB3BD6BE096976FD /* SARTData.swift in Sources */,
				75A252AAD26828B2E68F6E02 /* SARTModels.swift in Sources */,
				A01DA9A5EA78EBF8158B4A8B /* SARTScreen.swift in Sources */,
				177F8BCEA31880C8A57D0A98 /* Spacing.swift in Sources */,
				F740944722824469DC5B4B8D /* Typography.swift in Sources */,
				AF470FA986FF51A6597EE473 /* UserLevel.swift in Sources */,
			);
			runOnlyForDeploymentPostprocessing = 0;
		};
/* End PBXSourcesBuildPhase section */

/* Begin XCBuildConfiguration section */
		053FBC1D9F80CACF4D33B373 /* Debug */ = {
			isa = XCBuildConfiguration;
			buildSettings = {
				ASSETCATALOG_COMPILER_APPICON_NAME = AppIcon;
				CODE_SIGN_IDENTITY = "iPhone Developer";
				INFOPLIST_KEY_CFBundleDisplayName = AlgebraGo;
				LD_RUNPATH_SEARCH_PATHS = (
					"$(inherited)",
					"@executable_path/Frameworks",
				);
				PRODUCT_BUNDLE_IDENTIFIER = com.thesis.algebrago;
				SDKROOT = iphoneos;
				TARGETED_DEVICE_FAMILY = "1,2";
			};
			name = Debug;
		};
		06ECD6535C22E9D8DD95D941 /* Debug */ = {
			isa = XCBuildConfiguration;
			buildSettings = {
				ALWAYS_SEARCH_USER_PATHS = NO;
				CLANG_ANALYZER_NONNULL = YES;
				CLANG_ANALYZER_NUMBER_OBJECT_CONVERSION = YES_AGGRESSIVE;
				CLANG_CXX_LANGUAGE_STANDARD = "gnu++14";
				CLANG_CXX_LIBRARY = "libc++";
				CLANG_ENABLE_MODULES = YES;
				CLANG_ENABLE_OBJC_ARC = YES;
				CLANG_ENABLE_OBJC_WEAK = YES;
				CLANG_WARN_BLOCK_CAPTURE_AUTORELEASING = YES;
				CLANG_WARN_BOOL_CONVERSION = YES;
				CLANG_WARN_COMMA = YES;
				CLANG_WARN_CONSTANT_CONVERSION = YES;
				CLANG_WARN_DEPRECATED_OBJC_IMPLEMENTATIONS = YES;
				CLANG_WARN_DIRECT_OBJC_ISA_USAGE = YES_ERROR;
				CLANG_WARN_DOCUMENTATION_COMMENTS = YES;
				CLANG_WARN_EMPTY_BODY = YES;
				CLANG_WARN_ENUM_CONVERSION = YES;
				CLANG_WARN_INFINITE_RECURSION = YES;
				CLANG_WARN_INT_CONVERSION = YES;
				CLANG_WARN_NON_LITERAL_NULL_CONVERSION = YES;
				CLANG_WARN_OBJC_IMPLICIT_RETAIN_SELF = YES;
				CLANG_WARN_OBJC_LITERAL_CONVERSION = YES;
				CLANG_WARN_OBJC_ROOT_CLASS = YES_ERROR;
				CLANG_WARN_QUOTED_INCLUDE_IN_FRAMEWORK_HEADER = YES;
				CLANG_WARN_RANGE_LOOP_ANALYSIS = YES;
				CLANG_WARN_STRICT_PROTOTYPES = YES;
				CLANG_WARN_SUSPICIOUS_MOVE = YES;
				CLANG_WARN_UNGUARDED_AVAILABILITY = YES_AGGRESSIVE;
				CLANG_WARN_UNREACHABLE_CODE = YES;
				CLANG_WARN__DUPLICATE_METHOD_MATCH = YES;
				COPY_PHASE_STRIP = NO;
				CURRENT_PROJECT_VERSION = 1;
				DEBUG_INFORMATION_FORMAT = dwarf;
				DEVELOPMENT_TEAM = "";
				ENABLE_STRICT_OBJC_MSGSEND = YES;
				ENABLE_TESTABILITY = YES;
				GCC_C_LANGUAGE_STANDARD = gnu11;
				GCC_DYNAMIC_NO_PIC = NO;
				GCC_NO_COMMON_BLOCKS = YES;
				GCC_OPTIMIZATION_LEVEL = 0;
				GCC_PREPROCESSOR_DEFINITIONS = (
					"$(inherited)",
					"DEBUG=1",
				);
				GCC_WARN_64_TO_32_BIT_CONVERSION = YES;
				GCC_WARN_ABOUT_RETURN_TYPE = YES_ERROR;
				GCC_WARN_UNDECLARED_SELECTOR = YES;
				GCC_WARN_UNINITIALIZED_AUTOS = YES_AGGRESSIVE;
				GCC_WARN_UNUSED_FUNCTION = YES;
				GCC_WARN_UNUSED_VARIABLE = YES;
				GENERATE_INFOPLIST_FILE = YES;
				INFOPLIST_KEY_CFBundleDisplayName = AlgebraGo;
				INFOPLIST_KEY_UILaunchScreen_Generation = YES;
				INFOPLIST_KEY_UISupportedInterfaceOrientations = UIInterfaceOrientationPortrait;
				INFOPLIST_KEY_UIUserInterfaceStyle = Light;
				IPHONEOS_DEPLOYMENT_TARGET = 17.0;
				MARKETING_VERSION = 1.0.0;
				MTL_ENABLE_DEBUG_INFO = INCLUDE_SOURCE;
				MTL_FAST_MATH = YES;
				ONLY_ACTIVE_ARCH = YES;
				PRODUCT_NAME = "$(TARGET_NAME)";
				SDKROOT = iphoneos;
				SWIFT_ACTIVE_COMPILATION_CONDITIONS = DEBUG;
				SWIFT_OPTIMIZATION_LEVEL = "-Onone";
				SWIFT_VERSION = 5.9;
			};
			name = Debug;
		};
		3DCD537A6672869725B4E5E1 /* Release */ = {
			isa = XCBuildConfiguration;
			buildSettings = {
				ALWAYS_SEARCH_USER_PATHS = NO;
				CLANG_ANALYZER_NONNULL = YES;
				CLANG_ANALYZER_NUMBER_OBJECT_CONVERSION = YES_AGGRESSIVE;
				CLANG_CXX_LANGUAGE_STANDARD = "gnu++14";
				CLANG_CXX_LIBRARY = "libc++";
				CLANG_ENABLE_MODULES = YES;
				CLANG_ENABLE_OBJC_ARC = YES;
				CLANG_ENABLE_OBJC_WEAK = YES;
				CLANG_WARN_BLOCK_CAPTURE_AUTORELEASING = YES;
				CLANG_WARN_BOOL_CONVERSION = YES;
				CLANG_WARN_COMMA = YES;
				CLANG_WARN_CONSTANT_CONVERSION = YES;
				CLANG_WARN_DEPRECATED_OBJC_IMPLEMENTATIONS = YES;
				CLANG_WARN_DIRECT_OBJC_ISA_USAGE = YES_ERROR;
				CLANG_WARN_DOCUMENTATION_COMMENTS = YES;
				CLANG_WARN_EMPTY_BODY = YES;
				CLANG_WARN_ENUM_CONVERSION = YES;
				CLANG_WARN_INFINITE_RECURSION = YES;
				CLANG_WARN_INT_CONVERSION = YES;
				CLANG_WARN_NON_LITERAL_NULL_CONVERSION = YES;
				CLANG_WARN_OBJC_IMPLICIT_RETAIN_SELF = YES;
				CLANG_WARN_OBJC_LITERAL_CONVERSION = YES;
				CLANG_WARN_OBJC_ROOT_CLASS = YES_ERROR;
				CLANG_WARN_QUOTED_INCLUDE_IN_FRAMEWORK_HEADER = YES;
				CLANG_WARN_RANGE_LOOP_ANALYSIS = YES;
				CLANG_WARN_STRICT_PROTOTYPES = YES;
				CLANG_WARN_SUSPICIOUS_MOVE = YES;
				CLANG_WARN_UNGUARDED_AVAILABILITY = YES_AGGRESSIVE;
				CLANG_WARN_UNREACHABLE_CODE = YES;
				CLANG_WARN__DUPLICATE_METHOD_MATCH = YES;
				COPY_PHASE_STRIP = NO;
				CURRENT_PROJECT_VERSION = 1;
				DEBUG_INFORMATION_FORMAT = "dwarf-with-dsym";
				DEVELOPMENT_TEAM = "";
				ENABLE_NS_ASSERTIONS = NO;
				ENABLE_STRICT_OBJC_MSGSEND = YES;
				GCC_C_LANGUAGE_STANDARD = gnu11;
				GCC_NO_COMMON_BLOCKS = YES;
				GCC_WARN_64_TO_32_BIT_CONVERSION = YES;
				GCC_WARN_ABOUT_RETURN_TYPE = YES_ERROR;
				GCC_WARN_UNDECLARED_SELECTOR = YES;
				GCC_WARN_UNINITIALIZED_AUTOS = YES_AGGRESSIVE;
				GCC_WARN_UNUSED_FUNCTION = YES;
				GCC_WARN_UNUSED_VARIABLE = YES;
				GENERATE_INFOPLIST_FILE = YES;
				INFOPLIST_KEY_CFBundleDisplayName = AlgebraGo;
				INFOPLIST_KEY_UILaunchScreen_Generation = YES;
				INFOPLIST_KEY_UISupportedInterfaceOrientations = UIInterfaceOrientationPortrait;
				INFOPLIST_KEY_UIUserInterfaceStyle = Light;
				IPHONEOS_DEPLOYMENT_TARGET = 17.0;
				MARKETING_VERSION = 1.0.0;
				MTL_ENABLE_DEBUG_INFO = NO;
				MTL_FAST_MATH = YES;
				PRODUCT_NAME = "$(TARGET_NAME)";
				SDKROOT = iphoneos;
				SWIFT_COMPILATION_MODE = wholemodule;
				SWIFT_OPTIMIZATION_LEVEL = "-O";
				SWIFT_VERSION = 5.9;
			};
			name = Release;
		};
		8E11B0337CE78781B19C610F /* Release */ = {
			isa = XCBuildConfiguration;
			buildSettings = {
				ASSETCATALOG_COMPILER_APPICON_NAME = AppIcon;
				CODE_SIGN_IDENTITY = "iPhone Developer";
				INFOPLIST_KEY_CFBundleDisplayName = AlgebraGo;
				LD_RUNPATH_SEARCH_PATHS = (
					"$(inherited)",
					"@executable_path/Frameworks",
				);
				PRODUCT_BUNDLE_IDENTIFIER = com.thesis.algebrago;
				SDKROOT = iphoneos;
				TARGETED_DEVICE_FAMILY = "1,2";
			};
			name = Release;
		};
/* End XCBuildConfiguration section */

/* Begin XCConfigurationList section */
		3ABC73DB9FDC715573958205 /* Build configuration list for PBXProject "AlgebraGo" */ = {
			isa = XCConfigurationList;
			buildConfigurations = (
				06ECD6535C22E9D8DD95D941 /* Debug */,
				3DCD537A6672869725B4E5E1 /* Release */,
			);
			defaultConfigurationIsVisible = 0;
			defaultConfigurationName = Debug;
		};
		A9CD7514126C716BF9B333C2 /* Build configuration list for PBXNativeTarget "AlgebraGo" */ = {
			isa = XCConfigurationList;
			buildConfigurations = (
				053FBC1D9F80CACF4D33B373 /* Debug */,
				8E11B0337CE78781B19C610F /* Release */,
			);
			defaultConfigurationIsVisible = 0;
			defaultConfigurationName = Debug;
		};
/* End XCConfigurationList section */
	};
	rootObject = 4C9D06AEB7A7D12AFEBF042B /* Project object */;
}
